
Microsoft Visual Studio Solution File, Format Version 12.00
# Visual Studio 15
VisualStudioVersion = 15.0.28010.0
MinimumVisualStudioVersion = 10.0.40219.1
Project("{9A19103F-16F7-4668-BE54-9A1E7A4F7556}") = "CBT.Web", "CBT.Web\CBT.Web.csproj", "{FE859D0A-A5DB-4254-93C5-EA00D3771BE1}"
EndProject
Project("{9A19103F-16F7-4668-BE54-9A1E7A4F7556}") = "CBT.Service", "CBT.Service\CBT.Service.csproj", "{965FD602-D8BD-453F-BD71-FA5C41C64FBE}"
EndProject
Project("{9A19103F-16F7-4668-BE54-9A1E7A4F7556}") = "CBT.Entity", "CBT.Entity\CBT.Entity.csproj", "{3F14F782-8BDB-4761-A8C7-A1A2C59CA53B}"
EndProject
Project("{FAE04EC0-301F-11D3-BF4B-00C04F79EFBC}") = "CBT.DataModel", "CBT.DataModel\CBT.DataModel.csproj", "{623F92FC-2335-467D-9174-9DB3A957C5E4}"
EndProject
Project("{FAE04EC0-301F-11D3-BF4B-00C04F79EFBC}") = "CBT.Test", "CBT.Test\CBT.Test.csproj", "{E2840E54-A9B7-4C34-98A0-7FB9381066AE}"
EndProject
Global
	GlobalSection(SolutionConfigurationPlatforms) = preSolution
		Debug|Any CPU = Debug|Any CPU
		Release|Any CPU = Release|Any CPU
	EndGlobalSection
	GlobalSection(ProjectConfigurationPlatforms) = postSolution
		{FE859D0A-A5DB-4254-93C5-EA00D3771BE1}.Debug|Any CPU.ActiveCfg = Debug|Any CPU
		{FE859D0A-A5DB-4254-93C5-EA00D3771BE1}.Debug|Any CPU.Build.0 = Debug|Any CPU
		{FE859D0A-A5DB-4254-93C5-EA00D3771BE1}.Release|Any CPU.ActiveCfg = Release|Any CPU
		{FE859D0A-A5DB-4254-93C5-EA00D3771BE1}.Release|Any CPU.Build.0 = Release|Any CPU
		{965FD602-D8BD-453F-BD71-FA5C41C64FBE}.Debug|Any CPU.ActiveCfg = Debug|Any CPU
		{965FD602-D8BD-453F-BD71-FA5C41C64FBE}.Debug|Any CPU.Build.0 = Debug|Any CPU
		{965FD602-D8BD-453F-BD71-FA5C41C64FBE}.Release|Any CPU.ActiveCfg = Release|Any CPU
		{965FD602-D8BD-453F-BD71-FA5C41C64FBE}.Release|Any CPU.Build.0 = Release|Any CPU
		{3F14F782-8BDB-4761-A8C7-A1A2C59CA53B}.Debug|Any CPU.ActiveCfg = Debug|Any CPU
		{3F14F782-8BDB-4761-A8C7-A1A2C59CA53B}.Debug|Any CPU.Build.0 = Debug|Any CPU
		{3F14F782-8BDB-4761-A8C7-A1A2C59CA53B}.Release|Any CPU.ActiveCfg = Release|Any CPU
		{3F14F782-8BDB-4761-A8C7-A1A2C59CA53B}.Release|Any CPU.Build.0 = Release|Any CPU
		{623F92FC-2335-467D-9174-9DB3A957C5E4}.Debug|Any CPU.ActiveCfg = Debug|Any CPU
		{623F92FC-2335-467D-9174-9DB3A957C5E4}.Debug|Any CPU.Build.0 = Debug|Any CPU
		{623F92FC-2335-467D-9174-9DB3A957C5E4}.Release|Any CPU.ActiveCfg = Release|Any CPU
		{623F92FC-2335-467D-9174-9DB3A957C5E4}.Release|Any CPU.Build.0 = Release|Any CPU
		{E2840E54-A9B7-4C34-98A0-7FB9381066AE}.Debug|Any CPU.ActiveCfg = Debug|Any CPU
		{E2840E54-A9B7-4C34-98A0-7FB9381066AE}.Debug|Any CPU.Build.0 = Debug|Any CPU
		{E2840E54-A9B7-4C34-98A0-7FB9381066AE}.Release|Any CPU.ActiveCfg = Release|Any CPU
		{E2840E54-A9B7-4C34-98A0-7FB9381066AE}.Release|Any CPU.Build.0 = Release|Any CPU
	EndGlobalSection
	GlobalSection(SolutionProperties) = preSolution
		HideSolutionNode = FALSE
	EndGlobalSection
	GlobalSection(ExtensibilityGlobals) = postSolution
		SolutionGuid = {8E422DC7-D264-4B77-A24B-66ED6D7CB03B}
	EndGlobalSection
EndGlobal
